// !$*UTF8*$!
{
	archiveVersion = 1;
	classes = {
	};
	objectVersion = 50;
	objects = {

/* Begin PBXBuildFile section */
		D3E4046B21E8B1B8006B3C57 /* AppDelegate.swift in Sources */ = {isa = PBXBuildFile; fileRef = D3E4046A21E8B1B8006B3C57 /* AppDelegate.swift */; };
		D3E4047021E8B1B8006B3C57 /* Main.storyboard in Resources */ = {isa = PBXBuildFile; fileRef = D3E4046E21E8B1B8006B3C57 /* Main.storyboard */; };
		D3E4047221E8B1B8006B3C57 /* Assets.xcassets in Resources */ = {isa = PBXBuildFile; fileRef = D3E4047121E8B1B8006B3C57 /* Assets.xcassets */; };
		D3E4047521E8B1B8006B3C57 /* LaunchScreen.storyboard in Resources */ = {isa = PBXBuildFile; fileRef = D3E4047321E8B1B8006B3C57 /* LaunchScreen.storyboard */; };
		D3E4048021E8B1B8006B3C57 /* Julian_GameIntroductionAppTests.swift in Sources */ = {isa = PBXBuildFile; fileRef = D3E4047F21E8B1B8006B3C57 /* Julian_GameIntroductionAppTests.swift */; };
		D3E4048B21E8B1B8006B3C57 /* Julian_GameIntroductionAppUITests.swift in Sources */ = {isa = PBXBuildFile; fileRef = D3E4048A21E8B1B8006B3C57 /* Julian_GameIntroductionAppUITests.swift */; };
		D3E4049921E8B2D5006B3C57 /* ShowGameListViewController.swift in Sources */ = {isa = PBXBuildFile; fileRef = D3E4049821E8B2D5006B3C57 /* ShowGameListViewController.swift */; };
		D3E4049B21E8B326006B3C57 /* GameModel.swift in Sources */ = {isa = PBXBuildFile; fileRef = D3E4049A21E8B326006B3C57 /* GameModel.swift */; };
		D3E4049D21E8B372006B3C57 /* ShowingGameTableViewCell.swift in Sources */ = {isa = PBXBuildFile; fileRef = D3E4049C21E8B372006B3C57 /* ShowingGameTableViewCell.swift */; };
		D3E404B421E8B4BC006B3C57 /* AddGameViewController.swift in Sources */ = {isa = PBXBuildFile; fileRef = D3E404B321E8B4BC006B3C57 /* AddGameViewController.swift */; };
/* End PBXBuildFile section */

/* Begin PBXContainerItemProxy section */
		D3E4047C21E8B1B8006B3C57 /* PBXContainerItemProxy */ = {
			isa = PBXContainerItemProxy;
			containerPortal = D3E4045F21E8B1B7006B3C57 /* Project object */;
			proxyType = 1;
			remoteGlobalIDString = D3E4046621E8B1B8006B3C57;
			remoteInfo = Julian_GameIntroductionApp;
		};
		D3E4048721E8B1B8006B3C57 /* PBXContainerItemProxy */ = {
			isa = PBXContainerItemProxy;
			containerPortal = D3E4045F21E8B1B7006B3C57 /* Project object */;
			proxyType = 1;
			remoteGlobalIDString = D3E4046621E8B1B8006B3C57;
			remoteInfo = Julian_GameIntroductionApp;
		};
/* End PBXContainerItemProxy section */

/* Begin PBXFileReference section */
		D3E4046721E8B1B8006B3C57 /* Julian_GameIntroductionApp.app */ = {isa = PBXFileReference; explicitFileType = wrapper.application; includeInIndex = 0; path = Julian_GameIntroductionApp.app; sourceTree = BUILT_PRODUCTS_DIR; };
		D3E4046A21E8B1B8006B3C57 /* AppDelegate.swift */ = {isa = PBXFileReference; lastKnownFileType = sourcecode.swift; path = AppDelegate.swift; sourceTree = "<group>"; };
		D3E4046F21E8B1B8006B3C57 /* Base */ = {isa = PBXFileReference; lastKnownFileType = file.storyboard; name = Base; path = Base.lproj/Main.storyboard; sourceTree = "<group>"; };
		D3E4047121E8B1B8006B3C57 /* Assets.xcassets */ = {isa = PBXFileReference; lastKnownFileType = folder.assetcatalog; path = Assets.xcassets; sourceTree = "<group>"; };
		D3E4047421E8B1B8006B3C57 /* Base */ = {isa = PBXFileReference; lastKnownFileType = file.storyboard; name = Base; path = Base.lproj/LaunchScreen.storyboard; sourceTree = "<group>"; };
		D3E4047621E8B1B8006B3C57 /* Info.plist */ = {isa = PBXFileReference; lastKnownFileType = text.plist.xml; path = Info.plist; sourceTree = "<group>"; };
		D3E4047B21E8B1B8006B3C57 /* Julian_GameIntroductionAppTests.xctest */ = {isa = PBXFileReference; explicitFileType = wrapper.cfbundle; includeInIndex = 0; path = Julian_GameIntroductionAppTests.xctest; sourceTree = BUILT_PRODUCTS_DIR; };
		D3E4047F21E8B1B8006B3C57 /* Julian_GameIntroductionAppTests.swift */ = {isa = PBXFileReference; lastKnownFileType = sourcecode.swift; path = Julian_GameIntroductionAppTests.swift; sourceTree = "<group>"; };
		D3E4048121E8B1B8006B3C57 /* Info.plist */ = {isa = PBXFileReference; lastKnownFileType = text.plist.xml; path = Info.plist; sourceTree = "<group>"; };
		D3E4048621E8B1B8006B3C57 /* Julian_GameIntroductionAppUITests.xctest */ = {isa = PBXFileReference; explicitFileType = wrapper.cfbundle; includeInIndex = 0; path = Julian_GameIntroductionAppUITests.xctest; sourceTree = BUILT_PRODUCTS_DIR; };
		D3E4048A21E8B1B8006B3C57 /* Julian_GameIntroductionAppUITests.swift */ = {isa = PBXFileReference; lastKnownFileType = sourcecode.swift; path = Julian_GameIntroductionAppUITests.swift; sourceTree = "<group>"; };
		D3E4048C21E8B1B8006B3C57 /* Info.plist */ = {isa = PBXFileReference; lastKnownFileType = text.plist.xml; path = Info.plist; sourceTree = "<group>"; };
		D3E4049821E8B2D5006B3C57 /* ShowGameListViewController.swift */ = {isa = PBXFileReference; lastKnownFileType = sourcecode.swift; path = ShowGameListViewController.swift; sourceTree = "<group>"; };
		D3E4049A21E8B326006B3C57 /* GameModel.swift */ = {isa = PBXFileReference; lastKnownFileType = sourcecode.swift; path = GameModel.swift; sourceTree = "<group>"; };
		D3E4049C21E8B372006B3C57 /* ShowingGameTableViewCell.swift */ = {isa = PBXFileReference; lastKnownFileType = sourcecode.swift; path = ShowingGameTableViewCell.swift; sourceTree = "<group>"; };
		D3E404B321E8B4BC006B3C57 /* AddGameViewController.swift */ = {isa = PBXFileReference; fileEncoding = 4; lastKnownFileType = sourcecode.swift; path = AddGameViewController.swift; sourceTree = "<group>"; };
/* End PBXFileReference section */

/* Begin PBXFrameworksBuildPhase section */
		D3E4046421E8B1B8006B3C57 /* Frameworks */ = {
			isa = PBXFrameworksBuildPhase;
			buildActionMask = 2147483647;
			files = (
			);
			runOnlyForDeploymentPostprocessing = 0;
		};
		D3E4047821E8B1B8006B3C57 /* Frameworks */ = {
			isa = PBXFrameworksBuildPhase;
			buildActionMask = 2147483647;
			files = (
			);
			runOnlyForDeploymentPostprocessing = 0;
		};
		D3E4048321E8B1B8006B3C57 /* Frameworks */ = {
			isa = PBXFrameworksBuildPhase;
			buildActionMask = 2147483647;
			files = (
			);
			runOnlyForDeploymentPostprocessing = 0;
		};
/* End PBXFrameworksBuildPhase section */

/* Begin PBXGroup section */
		D3E4045E21E8B1B7006B3C57 = {
			isa = PBXGroup;
			children = (
				D3E4046921E8B1B8006B3C57 /* Julian_GameIntroductionApp */,
				D3E4047E21E8B1B8006B3C57 /* Julian_GameIntroductionAppTests */,
				D3E4048921E8B1B8006B3C57 /* Julian_GameIntroductionAppUITests */,
				D3E4046821E8B1B8006B3C57 /* Products */,
			);
			sourceTree = "<group>";
		};
		D3E4046821E8B1B8006B3C57 /* Products */ = {
			isa = PBXGroup;
			children = (
				D3E4046721E8B1B8006B3C57 /* Julian_GameIntroductionApp.app */,
				D3E4047B21E8B1B8006B3C57 /* Julian_GameIntroductionAppTests.xctest */,
				D3E4048621E8B1B8006B3C57 /* Julian_GameIntroductionAppUITests.xctest */,
			);
			name = Products;
			sourceTree = "<group>";
		};
		D3E4046921E8B1B8006B3C57 /* Julian_GameIntroductionApp */ = {
			isa = PBXGroup;
			children = (
				D3E4047621E8B1B8006B3C57 /* Info.plist */,
				D3E404B321E8B4BC006B3C57 /* AddGameViewController.swift */,
				D3E4046A21E8B1B8006B3C57 /* AppDelegate.swift */,
				D3E4049A21E8B326006B3C57 /* GameModel.swift */,
				D3E4049821E8B2D5006B3C57 /* ShowGameListViewController.swift */,
				D3E4049C21E8B372006B3C57 /* ShowingGameTableViewCell.swift */,
				D3E4047121E8B1B8006B3C57 /* Assets.xcassets */,
				D3E4047321E8B1B8006B3C57 /* LaunchScreen.storyboard */,
				D3E4046E21E8B1B8006B3C57 /* Main.storyboard */,
			);
			path = Julian_GameIntroductionApp;
			sourceTree = "<group>";
		};
		D3E4047E21E8B1B8006B3C57 /* Julian_GameIntroductionAppTests */ = {
			isa = PBXGroup;
			children = (
				D3E4047F21E8B1B8006B3C57 /* Julian_GameIntroductionAppTests.swift */,
				D3E4048121E8B1B8006B3C57 /* Info.plist */,
			);
			path = Julian_GameIntroductionAppTests;
			sourceTree = "<group>";
		};
		D3E4048921E8B1B8006B3C57 /* Julian_GameIntroductionAppUITests */ = {
			isa = PBXGroup;
			children = (
				D3E4048A21E8B1B8006B3C57 /* Julian_GameIntroductionAppUITests.swift */,
				D3E4048C21E8B1B8006B3C57 /* Info.plist */,
			);
			path = Julian_GameIntroductionAppUITests;
			sourceTree = "<group>";
		};
/* End PBXGroup section */

/* Begin PBXNativeTarget section */
		D3E4046621E8B1B8006B3C57 /* Julian_GameIntroductionApp */ = {
			isa = PBXNativeTarget;
			buildConfigurationList = D3E4048F21E8B1B8006B3C57 /* Build configuration list for PBXNativeTarget "Julian_GameIntroductionApp" */;
			buildPhases = (
				D3E4046321E8B1B8006B3C57 /* Sources */,
				D3E4046421E8B1B8006B3C57 /* Frameworks */,
				D3E4046521E8B1B8006B3C57 /* Resources */,
			);
			buildRules = (
			);
			dependencies = (
			);
			name = Julian_GameIntroductionApp;
			productName = Julian_GameIntroductionApp;
			productReference = D3E4046721E8B1B8006B3C57 /* Julian_GameIntroductionApp.app */;
			productType = "com.apple.product-type.application";
		};
		D3E4047A21E8B1B8006B3C57 /* Julian_GameIntroductionAppTests */ = {
			isa = PBXNativeTarget;
			buildConfigurationList = D3E4049221E8B1B8006B3C57 /* Build configuration list for PBXNativeTarget "Julian_GameIntroductionAppTests" */;
			buildPhases = (
				D3E4047721E8B1B8006B3C57 /* Sources */,
				D3E4047821E8B1B8006B3C57 /* Frameworks */,
				D3E4047921E8B1B8006B3C57 /* Resources */,
			);
			buildRules = (
			);
			dependencies = (
				D3E4047D21E8B1B8006B3C57 /* PBXTargetDependency */,
			);
			name = Julian_GameIntroductionAppTests;
			productName = Julian_GameIntroductionAppTests;
			productReference = D3E4047B21E8B1B8006B3C57 /* Julian_GameIntroductionAppTests.xctest */;
			productType = "com.apple.product-type.bundle.unit-test";
		};
		D3E4048521E8B1B8006B3C57 /* Julian_GameIntroductionAppUITests */ = {
			isa = PBXNativeTarget;
			buildConfigurationList = D3E4049521E8B1B8006B3C57 /* Build configuration list for PBXNativeTarget "Julian_GameIntroductionAppUITests" */;
			buildPhases = (
				D3E4048221E8B1B8006B3C57 /* Sources */,
				D3E4048321E8B1B8006B3C57 /* Frameworks */,
				D3E4048421E8B1B8006B3C57 /* Resources */,
			);
			buildRules = (
			);
			dependencies = (
				D3E4048821E8B1B8006B3C57 /* PBXTargetDependency */,
			);
			name = Julian_GameIntroductionAppUITests;
			productName = Julian_GameIntroductionAppUITests;
			productReference = D3E4048621E8B1B8006B3C57 /* Julian_GameIntroductionAppUITests.xctest */;
			productType = "com.apple.product-type.bundle.ui-testing";
		};
/* End PBXNativeTarget section */

/* Begin PBXProject section */
		D3E4045F21E8B1B7006B3C57 /* Project object */ = {
			isa = PBXProject;
			attributes = {
				LastSwiftUpdateCheck = 1010;
				LastUpgradeCheck = 1010;
				ORGANIZATIONNAME = "Fumiya Tanaka";
				TargetAttributes = {
					D3E4046621E8B1B8006B3C57 = {
						CreatedOnToolsVersion = 10.1;
					};
					D3E4047A21E8B1B8006B3C57 = {
						CreatedOnToolsVersion = 10.1;
						TestTargetID = D3E4046621E8B1B8006B3C57;
					};
					D3E4048521E8B1B8006B3C57 = {
						CreatedOnToolsVersion = 10.1;
						TestTargetID = D3E4046621E8B1B8006B3C57;
					};
				};
			};
			buildConfigurationList = D3E4046221E8B1B7006B3C57 /* Build configuration list for PBXProject "Julian_GameIntroductionApp" */;
			compatibilityVersion = "Xcode 9.3";
			developmentRegion = en;
			hasScannedForEncodings = 0;
			knownRegions = (
				en,
				Base,
			);
			mainGroup = D3E4045E21E8B1B7006B3C57;
			productRefGroup = D3E4046821E8B1B8006B3C57 /* Products */;
			projectDirPath = "";
			projectRoot = "";
			targets = (
				D3E4046621E8B1B8006B3C57 /* Julian_GameIntroductionApp */,
				D3E4047A21E8B1B8006B3C57 /* Julian_GameIntroductionAppTests */,
				D3E4048521E8B1B8006B3C57 /* Julian_GameIntroductionAppUITests */,
			);
		};
/* End PBXProject section */

/* Begin PBXResourcesBuildPhase section */
		D3E4046521E8B1B8006B3C57 /* Resources */ = {
			isa = PBXResourcesBuildPhase;
			buildActionMask = 2147483647;
			files = (
				D3E4047521E8B1B8006B3C57 /* LaunchScreen.storyboard in Resources */,
				D3E4047221E8B1B8006B3C57 /* Assets.xcassets in Resources */,
				D3E4047021E8B1B8006B3C57 /* Main.storyboard in Resources */,
			);
			runOnlyForDeploymentPostprocessing = 0;
		};
		D3E4047921E8B1B8006B3C57 /* Resources */ = {
			isa = PBXResourcesBuildPhase;
			buildActionMask = 2147483647;
			files = (
			);
			runOnlyForDeploymentPostprocessing = 0;
		};
		D3E4048421E8B1B8006B3C57 /* Resources */ = {
			isa = PBXResourcesBuildPhase;
			buildActionMask = 2147483647;
			files = (
			);
			runOnlyForDeploymentPostprocessing = 0;
		};
/* End PBXResourcesBuildPhase section */

/* Begin PBXSourcesBuildPhase section */
		D3E4046321E8B1B8006B3C57 /* Sources */ = {
			isa = PBXSourcesBuildPhase;
			buildActionMask = 2147483647;
			files = (
				D3E404B421E8B4BC006B3C57 /* AddGameViewController.swift in Sources */,
				D3E4049B21E8B326006B3C57 /* GameModel.swift in Sources */,
				D3E4049921E8B2D5006B3C57 /* ShowGameListViewController.swift in Sources */,
				D3E4046B21E8B1B8006B3C57 /* AppDelegate.swift in Sources */,
				D3E4049D21E8B372006B3C57 /* ShowingGameTableViewCell.swift in Sources */,
			);
			runOnlyForDeploymentPostprocessing = 0;
		};
		D3E4047721E8B1B8006B3C57 /* Sources */ = {
			isa = PBXSourcesBuildPhase;
			buildActionMask = 2147483647;
			files = (
				D3E4048021E8B1B8006B3C57 /* Julian_GameIntroductionAppTests.swift in Sources */,
			);
			runOnlyForDeploymentPostprocessing = 0;
		};
		D3E4048221E8B1B8006B3C57 /* Sources */ = {
			isa = PBXSourcesBuildPhase;
			buildActionMask = 2147483647;
			files = (
				D3E4048B21E8B1B8006B3C57 /* Julian_GameIntroductionAppUITests.swift in Sources */,
			);
			runOnlyForDeploymentPostprocessing = 0;
		};
/* End PBXSourcesBuildPhase section */

/* Begin PBXTargetDependency section */
		D3E4047D21E8B1B8006B3C57 /* PBXTargetDependency */ = {
			isa = PBXTargetDependency;
			target = D3E4046621E8B1B8006B3C57 /* Julian_GameIntroductionApp */;
			targetProxy = D3E4047C21E8B1B8006B3C57 /* PBXContainerItemProxy */;
		};
		D3E4048821E8B1B8006B3C57 /* PBXTargetDependency */ = {
			isa = PBXTargetDependency;
			target = D3E4046621E8B1B8006B3C57 /* Julian_GameIntroductionApp */;
			targetProxy = D3E4048721E8B1B8006B3C57 /* PBXContainerItemProxy */;
		};
/* End PBXTargetDependency section */

/* Begin PBXVariantGroup section */
		D3E4046E21E8B1B8006B3C57 /* Main.storyboard */ = {
			isa = PBXVariantGroup;
			children = (
				D3E4046F21E8B1B8006B3C57 /* Base */,
			);
			name = Main.storyboard;
			sourceTree = "<group>";
		};
		D3E4047321E8B1B8006B3C57 /* LaunchScreen.storyboard */ = {
			isa = PBXVariantGroup;
			children = (
				D3E4047421E8B1B8006B3C57 /* Base */,
			);
			name = LaunchScreen.storyboard;
			sourceTree = "<group>";
		};
/* End PBXVariantGroup section */

/* Begin XCBuildConfiguration section */
		D3E4048D21E8B1B8006B3C57 /* Debug */ = {
			isa = XCBuildConfiguration;
			buildSettings = {
				ALWAYS_SEARCH_USER_PATHS = NO;
				CLANG_ANALYZER_NONNULL = YES;
				CLANG_ANALYZER_NUMBER_OBJECT_CONVERSION = YES_AGGRESSIVE;
				CLANG_CXX_LANGUAGE_STANDARD = "gnu++14";
				CLANG_CXX_LIBRARY = "libc++";
				CLANG_ENABLE_MODULES = YES;
				CLANG_ENABLE_OBJC_ARC = YES;
				CLANG_ENABLE_OBJC_WEAK = YES;
				CLANG_WARN_BLOCK_CAPTURE_AUTORELEASING = YES;
				CLANG_WARN_BOOL_CONVERSION = YES;
				CLANG_WARN_COMMA = YES;
				CLANG_WARN_CONSTANT_CONVERSION = YES;
				CLANG_WARN_DEPRECATED_OBJC_IMPLEMENTATIONS = YES;
				CLANG_WARN_DIRECT_OBJC_ISA_USAGE = YES_ERROR;
				CLANG_WARN_DOCUMENTATION_COMMENTS = YES;
				CLANG_WARN_EMPTY_BODY = YES;
				CLANG_WARN_ENUM_CONVERSION = YES;
				CLANG_WARN_INFINITE_RECURSION = YES;
				CLANG_WARN_INT_CONVERSION = YES;
				CLANG_WARN_NON_LITERAL_NULL_CONVERSION = YES;
				CLANG_WARN_OBJC_IMPLICIT_RETAIN_SELF = YES;
				CLANG_WARN_OBJC_LITERAL_CONVERSION = YES;
				CLANG_WARN_OBJC_ROOT_CLASS = YES_ERROR;
				CLANG_WARN_RANGE_LOOP_ANALYSIS = YES;
				CLANG_WARN_STRICT_PROTOTYPES = YES;
				CLANG_WARN_SUSPICIOUS_MOVE = YES;
				CLANG_WARN_UNGUARDED_AVAILABILITY = YES_AGGRESSIVE;
				CLANG_WARN_UNREACHABLE_CODE = YES;
				CLANG_WARN__DUPLICATE_METHOD_MATCH = YES;
				CODE_SIGN_IDENTITY = "iPhone Developer";
				COPY_PHASE_STRIP = NO;
				DEBUG_INFORMATION_FORMAT = dwarf;
				ENABLE_STRICT_OBJC_MSGSEND = YES;
				ENABLE_TESTABILITY = YES;
				GCC_C_LANGUAGE_STANDARD = gnu11;
				GCC_DYNAMIC_NO_PIC = NO;
				GCC_NO_COMMON_BLOCKS = YES;
				GCC_OPTIMIZATION_LEVEL = 0;
				GCC_PREPROCESSOR_DEFINITIONS = (
					"DEBUG=1",
					"$(inherited)",
				);
				GCC_WARN_64_TO_32_BIT_CONVERSION = YES;
				GCC_WARN_ABOUT_RETURN_TYPE = YES_ERROR;
				GCC_WARN_UNDECLARED_SELECTOR = YES;
				GCC_WARN_UNINITIALIZED_AUTOS = YES_AGGRESSIVE;
				GCC_WARN_UNUSED_FUNCTION = YES;
				GCC_WARN_UNUSED_VARIABLE = YES;
				IPHONEOS_DEPLOYMENT_TARGET = 12.1;
				MTL_ENABLE_DEBUG_INFO = INCLUDE_SOURCE;
				MTL_FAST_MATH = YES;
				ONLY_ACTIVE_ARCH = YES;
				SDKROOT = iphoneos;
				SWIFT_ACTIVE_COMPILATION_CONDITIONS = DEBUG;
				SWIFT_OPTIMIZATION_LEVEL = "-Onone";
			};
			name = Debug;
		};
		D3E4048E21E8B1B8006B3C57 /* Release */ = {
			isa = XCBuildConfiguration;
			buildSettings = {
				ALWAYS_SEARCH_USER_PATHS = NO;
				CLANG_ANALYZER_NONNULL = YES;
				CLANG_ANALYZER_NUMBER_OBJECT_CONVERSION = YES_AGGRESSIVE;
				CLANG_CXX_LANGUAGE_STANDARD = "gnu++14";
				CLANG_CXX_LIBRARY = "libc++";
				CLANG_ENABLE_MODULES = YES;
				CLANG_ENABLE_OBJC_ARC = YES;
				CLANG_ENABLE_OBJC_WEAK = YES;
				CLANG_WARN_BLOCK_CAPTURE_AUTORELEASING = YES;
				CLANG_WARN_BOOL_CONVERSION = YES;
				CLANG_WARN_COMMA = YES;
				CLANG_WARN_CONSTANT_CONVERSION = YES;
				CLANG_WARN_DEPRECATED_OBJC_IMPLEMENTATIONS = YES;
				CLANG_WARN_DIRECT_OBJC_ISA_USAGE = YES_ERROR;
				CLANG_WARN_DOCUMENTATION_COMMENTS = YES;
				CLANG_WARN_EMPTY_BODY = YES;
				CLANG_WARN_ENUM_CONVERSION = YES;
				CLANG_WARN_INFINITE_RECURSION = YES;
				CLANG_WARN_INT_CONVERSION = YES;
				CLANG_WARN_NON_LITERAL_NULL_CONVERSION = YES;
				CLANG_WARN_OBJC_IMPLICIT_RETAIN_SELF = YES;
				CLANG_WARN_OBJC_LITERAL_CONVERSION = YES;
				CLANG_WARN_OBJC_ROOT_CLASS = YES_ERROR;
				CLANG_WARN_RANGE_LOOP_ANALYSIS = YES;
				CLANG_WARN_STRICT_PROTOTYPES = YES;
				CLANG_WARN_SUSPICIOUS_MOVE = YES;
				CLANG_WARN_UNGUARDED_AVAILABILITY = YES_AGGRESSIVE;
				CLANG_WARN_UNREACHABLE_CODE = YES;
				CLANG_WARN__DUPLICATE_METHOD_MATCH = YES;
				CODE_SIGN_IDENTITY = "iPhone Developer";
				COPY_PHASE_STRIP = NO;
				DEBUG_INFORMATION_FORMAT = "dwarf-with-dsym";
				ENABLE_NS_ASSERTIONS = NO;
				ENABLE_STRICT_OBJC_MSGSEND = YES;
				GCC_C_LANGUAGE_STANDARD = gnu11;
				GCC_NO_COMMON_BLOCKS = YES;
				GCC_WARN_64_TO_32_BIT_CONVERSION = YES;
				GCC_WARN_ABOUT_RETURN_TYPE = YES_ERROR;
				GCC_WARN_UNDECLARED_SELECTOR = YES;
				GCC_WARN_UNINITIALIZED_AUTOS = YES_AGGRESSIVE;
				GCC_WARN_UNUSED_FUNCTION = YES;
				GCC_WARN_UNUSED_VARIABLE = YES;
				IPHONEOS_DEPLOYMENT_TARGET = 12.1;
				MTL_ENABLE_DEBUG_INFO = NO;
				MTL_FAST_MATH = YES;
				SDKROOT = iphoneos;
				SWIFT_COMPILATION_MODE = wholemodule;
				SWIFT_OPTIMIZATION_LEVEL = "-O";
				VALIDATE_PRODUCT = YES;
			};
			name = Release;
		};
		D3E4049021E8B1B8006B3C57 /* Debug */ = {
			isa = XCBuildConfiguration;
			buildSettings = {
				ASSETCATALOG_COMPILER_APPICON_NAME = AppIcon;
				CODE_SIGN_STYLE = Automatic;
				DEVELOPMENT_TEAM = 2X6AD4W323;
				INFOPLIST_FILE = Julian_GameIntroductionApp/Info.plist;
				LD_RUNPATH_SEARCH_PATHS = (
					"$(inherited)",
					"@executable_path/Frameworks",
				);
				PRODUCT_BUNDLE_IDENTIFIER = "Fumiya-Tanaka.Julian-GameIntroductionApp";
				PRODUCT_NAME = "$(TARGET_NAME)";
				SWIFT_VERSION = 4.2;
				TARGETED_DEVICE_FAMILY = "1,2";
			};
			name = Debug;
		};
		D3E4049121E8B1B8006B3C57 /* Release */ = {
			isa = XCBuildConfiguration;
			buildSettings = {
				ASSETCATALOG_COMPILER_APPICON_NAME = AppIcon;
				CODE_SIGN_STYLE = Automatic;
				DEVELOPMENT_TEAM = 2X6AD4W323;
				INFOPLIST_FILE = Julian_GameIntroductionApp/Info.plist;
				LD_RUNPATH_SEARCH_PATHS = (
					"$(inherited)",
					"@executable_path/Frameworks",
				);
				PRODUCT_BUNDLE_IDENTIFIER = "Fumiya-Tanaka.Julian-GameIntroductionApp";
				PRODUCT_NAME = "$(TARGET_NAME)";
				SWIFT_VERSION = 4.2;
				TARGETED_DEVICE_FAMILY = "1,2";
			};
			name = Release;
		};
		D3E4049321E8B1B8006B3C57 /* Debug */ = {
			isa = XCBuildConfiguration;
			buildSettings = {
				ALWAYS_EMBED_SWIFT_STANDARD_LIBRARIES = YES;
				BUNDLE_LOADER = "$(TEST_HOST)";
				CODE_SIGN_STYLE = Automatic;
				DEVELOPMENT_TEAM = 2X6AD4W323;
				INFOPLIST_FILE = Julian_GameIntroductionAppTests/Info.plist;
				LD_RUNPATH_SEARCH_PATHS = (
					"$(inherited)",
					"@executable_path/Frameworks",
					"@loader_path/Frameworks",
				);
				PRODUCT_BUNDLE_IDENTIFIER = "Fumiya-Tanaka.Julian-GameIntroductionAppTests";
				PRODUCT_NAME = "$(TARGET_NAME)";
				SWIFT_VERSION = 4.2;
				TARGETED_DEVICE_FAMILY = "1,2";
				TEST_HOST = "$(BUILT_PRODUCTS_DIR)/Julian_GameIntroductionApp.app/Julian_GameIntroductionApp";
			};
			name = Debug;
		};
		D3E4049421E8B1B8006B3C57 /* Release */ = {
			isa = XCBuildConfiguration;
			buildSettings = {
				ALWAYS_EMBED_SWIFT_STANDARD_LIBRARIES = YES;
				BUNDLE_LOADER = "$(TEST_HOST)";
				CODE_SIGN_STYLE = Automatic;
				DEVELOPMENT_TEAM = 2X6AD4W323;
				INFOPLIST_FILE = Julian_GameIntroductionAppTests/Info.plist;
				LD_RUNPATH_SEARCH_PATHS = (
					"$(inherited)",
					"@executable_path/Frameworks",
					"@loader_path/Frameworks",
				);
				PRODUCT_BUNDLE_IDENTIFIER = "Fumiya-Tanaka.Julian-GameIntroductionAppTests";
				PRODUCT_NAME = "$(TARGET_NAME)";
				SWIFT_VERSION = 4.2;
				TARGETED_DEVICE_FAMILY = "1,2";
				TEST_HOST = "$(BUILT_PRODUCTS_DIR)/Julian_GameIntroductionApp.app/Julian_GameIntroductionApp";
			};
			name = Release;
		};
		D3E4049621E8B1B8006B3C57 /* Debug */ = {
			isa = XCBuildConfiguration;
			buildSettings = {
				ALWAYS_EMBED_SWIFT_STANDARD_LIBRARIES = YES;
				CODE_SIGN_STYLE = Automatic;
				DEVELOPMENT_TEAM = 2X6AD4W323;
				INFOPLIST_FILE = Julian_GameIntroductionAppUITests/Info.plist;
				LD_RUNPATH_SEARCH_PATHS = (
					"$(inherited)",
					"@executable_path/Frameworks",
					"@loader_path/Frameworks",
				);
				PRODUCT_BUNDLE_IDENTIFIER = "Fumiya-Tanaka.Julian-GameIntroductionAppUITests";
				PRODUCT_NAME = "$(TARGET_NAME)";
				SWIFT_VERSION = 4.2;
				TARGETED_DEVICE_FAMILY = "1,2";
				TEST_TARGET_NAME = Julian_GameIntroductionApp;
			};
			name = Debug;
		};
		D3E4049721E8B1B8006B3C57 /* Release */ = {
			isa = XCBuildConfiguration;
			buildSettings = {
				ALWAYS_EMBED_SWIFT_STANDARD_LIBRARIES = YES;
				CODE_SIGN_STYLE = Automatic;
				DEVELOPMENT_TEAM = 2X6AD4W323;
				INFOPLIST_FILE = Julian_GameIntroductionAppUITests/Info.plist;
				LD_RUNPATH_SEARCH_PATHS = (
					"$(inherited)",
					"@executable_path/Frameworks",
					"@loader_path/Frameworks",
				);
				PRODUCT_BUNDLE_IDENTIFIER = "Fumiya-Tanaka.Julian-GameIntroductionAppUITests";
				PRODUCT_NAME = "$(TARGET_NAME)";
				SWIFT_VERSION = 4.2;
				TARGETED_DEVICE_FAMILY = "1,2";
				TEST_TARGET_NAME = Julian_GameIntroductionApp;
			};
			name = Release;
		};
/* End XCBuildConfiguration section */

/* Begin XCConfigurationList section */
		D3E4046221E8B1B7006B3C57 /* Build configuration list for PBXProject "Julian_GameIntroductionApp" */ = {
			isa = XCConfigurationList;
			buildConfigurations = (
				D3E4048D21E8B1B8006B3C57 /* Debug */,
				D3E4048E21E8B1B8006B3C57 /* Release */,
			);
			defaultConfigurationIsVisible = 0;
			defaultConfigurationName = Release;
		};
		D3E4048F21E8B1B8006B3C57 /* Build configuration list for PBXNativeTarget "Julian_GameIntroductionApp" */ = {
			isa = XCConfigurationList;
			buildConfigurations = (
				D3E4049021E8B1B8006B3C57 /* Debug */,
				D3E4049121E8B1B8006B3C57 /* Release */,
			);
			defaultConfigurationIsVisible = 0;
			defaultConfigurationName = Release;
		};
		D3E4049221E8B1B8006B3C57 /* Build configuration list for PBXNativeTarget "Julian_GameIntroductionAppTests" */ = {
			isa = XCConfigurationList;
			buildConfigurations = (
				D3E4049321E8B1B8006B3C57 /* Debug */,
				D3E4049421E8B1B8006B3C57 /* Release */,
			);
			defaultConfigurationIsVisible = 0;
			defaultConfigurationName = Release;
		};
		D3E4049521E8B1B8006B3C57 /* Build configuration list for PBXNativeTarget "Julian_GameIntroductionAppUITests" */ = {
			isa = XCConfigurationList;
			buildConfigurations = (
				D3E4049621E8B1B8006B3C57 /* Debug */,
				D3E4049721E8B1B8006B3C57 /* Release */,
			);
			defaultConfigurationIsVisible = 0;
			defaultConfigurationName = Release;
		};
/* End XCConfigurationList section */
	};
	rootObject = D3E4045F21E8B1B7006B3C57 /* Project object */;
}
